
Microsoft Visual Studio Solution File, Format Version 12.00
# Visual Studio 15
VisualStudioVersion = 15.0.28010.2026
MinimumVisualStudioVersion = 10.0.40219.1
Project("{FAE04EC0-301F-11D3-BF4B-00C04F79EFBC}") = "BMKG", "InfoGempa\BMKG\BMKG.csproj", "{970B24FA-D79A-4048-8DBB-CD37BA4E05C2}"
EndProject
Project("{FAE04EC0-301F-11D3-BF4B-00C04F79EFBC}") = "WebApi", "WebApi\WebApi.csproj", "{26AB7615-30EF-4288-B9F5-6603931DE095}"
EndProject
Global
	GlobalSection(SolutionConfigurationPlatforms) = preSolution
		Debug|Any CPU = Debug|Any CPU
		Debug|iPhone = Debug|iPhone
		Debug|iPhoneSimulator = Debug|iPhoneSimulator
		Release|Any CPU = Release|Any CPU
		Release|iPhone = Release|iPhone
		Release|iPhoneSimulator = Release|iPhoneSimulator
	EndGlobalSection
	GlobalSection(ProjectConfigurationPlatforms) = postSolution
		{970B24FA-D79A-4048-8DBB-CD37BA4E05C2}.Debug|Any CPU.ActiveCfg = Debug|Any CPU
		{970B24FA-D79A-4048-8DBB-CD37BA4E05C2}.Debug|Any CPU.Build.0 = Debug|Any CPU
		{970B24FA-D79A-4048-8DBB-CD37BA4E05C2}.Debug|iPhone.ActiveCfg = Debug|Any CPU
		{970B24FA-D79A-4048-8DBB-CD37BA4E05C2}.Debug|iPhone.Build.0 = Debug|Any CPU
		{970B24FA-D79A-4048-8DBB-CD37BA4E05C2}.Debug|iPhoneSimulator.ActiveCfg = Debug|Any CPU
		{970B24FA-D79A-4048-8DBB-CD37BA4E05C2}.Debug|iPhoneSimulator.Build.0 = Debug|Any CPU
		{970B24FA-D79A-4048-8DBB-CD37BA4E05C2}.Release|Any CPU.ActiveCfg = Release|Any CPU
		{970B24FA-D79A-4048-8DBB-CD37BA4E05C2}.Release|Any CPU.Build.0 = Release|Any CPU
		{970B24FA-D79A-4048-8DBB-CD37BA4E05C2}.Release|iPhone.ActiveCfg = Release|Any CPU
		{970B24FA-D79A-4048-8DBB-CD37BA4E05C2}.Release|iPhone.Build.0 = Release|Any CPU
		{970B24FA-D79A-4048-8DBB-CD37BA4E05C2}.Release|iPhoneSimulator.ActiveCfg = Release|Any CPU
		{970B24FA-D79A-4048-8DBB-CD37BA4E05C2}.Release|iPhoneSimulator.Build.0 = Release|Any CPU
		{26AB7615-30EF-4288-B9F5-6603931DE095}.Debug|Any CPU.ActiveCfg = Debug|Any CPU
		{26AB7615-30EF-4288-B9F5-6603931DE095}.Debug|Any CPU.Build.0 = Debug|Any CPU
		{26AB7615-30EF-4288-B9F5-6603931DE095}.Debug|iPhone.ActiveCfg = Debug|Any CPU
		{26AB7615-30EF-4288-B9F5-6603931DE095}.Debug|iPhone.Build.0 = Debug|Any CPU
		{26AB7615-30EF-4288-B9F5-6603931DE095}.Debug|iPhoneSimulator.ActiveCfg = Debug|Any CPU
		{26AB7615-30EF-4288-B9F5-6603931DE095}.Debug|iPhoneSimulator.Build.0 = Debug|Any CPU
		{26AB7615-30EF-4288-B9F5-6603931DE095}.Release|Any CPU.ActiveCfg = Release|Any CPU
		{26AB7615-30EF-4288-B9F5-6603931DE095}.Release|Any CPU.Build.0 = Release|Any CPU
		{26AB7615-30EF-4288-B9F5-6603931DE095}.Release|iPhone.ActiveCfg = Release|Any CPU
		{26AB7615-30EF-4288-B9F5-6603931DE095}.Release|iPhone.Build.0 = Release|Any CPU
		{26AB7615-30EF-4288-B9F5-6603931DE095}.Release|iPhoneSimulator.ActiveCfg = Release|Any CPU
		{26AB7615-30EF-4288-B9F5-6603931DE095}.Release|iPhoneSimulator.Build.0 = Release|Any CPU
	EndGlobalSection
	GlobalSection(SolutionProperties) = preSolution
		HideSolutionNode = FALSE
	EndGlobalSection
	GlobalSection(ExtensibilityGlobals) = postSolution
		SolutionGuid = {C321833D-79AF-49E3-87CB-560A168612FF}
	EndGlobalSection
EndGlobal
